
Microsoft Visual Studio Solution File, Format Version 12.00
# Visual Studio 14
VisualStudioVersion = 14.0.24720.0
MinimumVisualStudioVersion = 10.0.40219.1
Project("{FAE04EC0-301F-11D3-BF4B-00C04F79EFBC}") = "task3", "task3\task3.csproj", "{0BF91859-9BD5-4774-9C79-5376433374B2}"
EndProject
Project("{FAE04EC0-301F-11D3-BF4B-00C04F79EFBC}") = "task1", "task1\task1.csproj", "{2B461B68-C0D4-4DC9-B6A0-1539D03948E5}"
EndProject
Project("{FAE04EC0-301F-11D3-BF4B-00C04F79EFBC}") = "task2", "task2\task2.csproj", "{83856277-9981-4ACC-B19E-0BB522CB2246}"
EndProject
Global
	GlobalSection(SolutionConfigurationPlatforms) = preSolution
		Debug|Any CPU = Debug|Any CPU
		Release|Any CPU = Release|Any CPU
	EndGlobalSection
	GlobalSection(ProjectConfigurationPlatforms) = postSolution
		{0BF91859-9BD5-4774-9C79-5376433374B2}.Debug|Any CPU.ActiveCfg = Debug|Any CPU
		{0BF91859-9BD5-4774-9C79-5376433374B2}.Debug|Any CPU.Build.0 = Debug|Any CPU
		{0BF91859-9BD5-4774-9C79-5376433374B2}.Release|Any CPU.ActiveCfg = Release|Any CPU
		{0BF91859-9BD5-4774-9C79-5376433374B2}.Release|Any CPU.Build.0 = Release|Any CPU
		{2B461B68-C0D4-4DC9-B6A0-1539D03948E5}.Debug|Any CPU.ActiveCfg = Debug|Any CPU
		{2B461B68-C0D4-4DC9-B6A0-1539D03948E5}.Debug|Any CPU.Build.0 = Debug|Any CPU
		{2B461B68-C0D4-4DC9-B6A0-1539D03948E5}.Release|Any CPU.ActiveCfg = Release|Any CPU
		{2B461B68-C0D4-4DC9-B6A0-1539D03948E5}.Release|Any CPU.Build.0 = Release|Any CPU
		{83856277-9981-4ACC-B19E-0BB522CB2246}.Debug|Any CPU.ActiveCfg = Debug|Any CPU
		{83856277-9981-4ACC-B19E-0BB522CB2246}.Debug|Any CPU.Build.0 = Debug|Any CPU
		{83856277-9981-4ACC-B19E-0BB522CB2246}.Release|Any CPU.ActiveCfg = Release|Any CPU
		{83856277-9981-4ACC-B19E-0BB522CB2246}.Release|Any CPU.Build.0 = Release|Any CPU
	EndGlobalSection
	GlobalSection(SolutionProperties) = preSolution
		HideSolutionNode = FALSE
	EndGlobalSection
EndGlobal
